# This file is automatically @generated by Cargo.
# It is not intended for manual editing.
version = 4

[[package]]
name = "proton-drive"
version = "0.1.0"

[[package]]
name = "proton-sdk-rs2"
version = "0.1.0"
dependencies = [
 "proton-sdk-sys",
]

[[package]]
name = "proton-sdk-sys"
version = "0.1.0"
